# This file is automatically @generated by Cargo.
# It is not intended for manual editing.
version = 4

[[package]]
name = "tribal-db"
version = "0.1.0"
dependencies = [
 "tribal-domain",
]

[[package]]
name = "tribal-domain"
version = "0.1.0"

[[package]]
name = "tribal-inference"
version = "0.1.0"
dependencies = [
 "tribal-domain",
]

[[package]]
name = "tribal-mcp"
version = "0.1.0"
dependencies = [
 "tribal-db",
 "tribal-domain",
]

[[package]]
name = "tribal-server"
version = "0.1.0"
dependencies = [
 "tribal-domain",
 "tribal-mcp",
 "tribal-telemetry",
 "tribal-worker",
]

[[package]]
name = "tribal-telemetry"
version = "0.1.0"
dependencies = [
 "tribal-domain",
]

[[package]]
name = "tribal-test-utils"
version = "0.1.0"
dependencies = [
 "tribal-db",
 "tribal-domain",
 "tribal-inference",
]

[[package]]
name = "tribal-worker"
version = "0.1.0"
dependencies = [
 "tribal-db",
 "tribal-domain",
 "tribal-inference",
]
